
Microsoft Visual Studio Solution File, Format Version 12.00
# Visual Studio Version 17
VisualStudioVersion = 17.0.32112.339
MinimumVisualStudioVersion = 10.0.40219.1
Project("{FAE04EC0-301F-11D3-BF4B-00C04F79EFBC}") = "Example - Send Email via SMTP", "Example - Send Email via SMTP\Example - Send Email via SMTP.csproj", "{7BBA0485-663C-4188-8B79-09960DAB3BB5}"
EndProject
Global
	GlobalSection(SolutionConfigurationPlatforms) = preSolution
		Debug|Any CPU = Debug|Any CPU
		Release|Any CPU = Release|Any CPU
	EndGlobalSection
	GlobalSection(ProjectConfigurationPlatforms) = postSolution
		{7BBA0485-663C-4188-8B79-09960DAB3BB5}.Debug|Any CPU.ActiveCfg = Debug|Any CPU
		{7BBA0485-663C-4188-8B79-09960DAB3BB5}.Debug|Any CPU.Build.0 = Debug|Any CPU
		{7BBA0485-663C-4188-8B79-09960DAB3BB5}.Release|Any CPU.ActiveCfg = Release|Any CPU
		{7BBA0485-663C-4188-8B79-09960DAB3BB5}.Release|Any CPU.Build.0 = Release|Any CPU
	EndGlobalSection
	GlobalSection(SolutionProperties) = preSolution
		HideSolutionNode = FALSE
	EndGlobalSection
	GlobalSection(ExtensibilityGlobals) = postSolution
		SolutionGuid = {72E8F41D-ECFC-4D02-909E-C07E28DF5724}
	EndGlobalSection
EndGlobal
